
Microsoft Visual Studio Solution File, Format Version 12.00
# Visual Studio Version 17
VisualStudioVersion = 17.13.35825.156 d17.13
MinimumVisualStudioVersion = 10.0.40219.1
Project("{FAE04EC0-301F-11D3-BF4B-00C04F79EFBC}") = "AcronymAddIn", "AcronymAddIn\AcronymAddIn.csproj", "{78CBFA1E-004E-40D2-8410-E39155978501}"
EndProject
Global
	GlobalSection(SolutionConfigurationPlatforms) = preSolution
		Debug|Any CPU = Debug|Any CPU
		Release|Any CPU = Release|Any CPU
	EndGlobalSection
	GlobalSection(ProjectConfigurationPlatforms) = postSolution
		{78CBFA1E-004E-40D2-8410-E39155978501}.Debug|Any CPU.ActiveCfg = Debug|Any CPU
		{78CBFA1E-004E-40D2-8410-E39155978501}.Debug|Any CPU.Build.0 = Debug|Any CPU
		{78CBFA1E-004E-40D2-8410-E39155978501}.Release|Any CPU.ActiveCfg = Release|Any CPU
		{78CBFA1E-004E-40D2-8410-E39155978501}.Release|Any CPU.Build.0 = Release|Any CPU
	EndGlobalSection
	GlobalSection(SolutionProperties) = preSolution
		HideSolutionNode = FALSE
	EndGlobalSection
	GlobalSection(ExtensibilityGlobals) = postSolution
		SolutionGuid = {CA8DC500-9F8D-4002-957C-6CF8E21784F8}
	EndGlobalSection
EndGlobal
